
Microsoft Visual Studio Solution File, Format Version 12.00
# Visual Studio Version 17
VisualStudioVersion = 17.14.36327.8 d17.14
MinimumVisualStudioVersion = 10.0.40219.1
Project("{FAE04EC0-301F-11D3-BF4B-00C04F79EFBC}") = "Practica2PrograWeb", "Practica2PrograWeb\Practica2PrograWeb.csproj", "{FFBADDBA-0E73-42E9-BA4E-3A300F25F75F}"
EndProject
Global
	GlobalSection(SolutionConfigurationPlatforms) = preSolution
		Debug|Any CPU = Debug|Any CPU
		Release|Any CPU = Release|Any CPU
	EndGlobalSection
	GlobalSection(ProjectConfigurationPlatforms) = postSolution
		{FFBADDBA-0E73-42E9-BA4E-3A300F25F75F}.Debug|Any CPU.ActiveCfg = Debug|Any CPU
		{FFBADDBA-0E73-42E9-BA4E-3A300F25F75F}.Debug|Any CPU.Build.0 = Debug|Any CPU
		{FFBADDBA-0E73-42E9-BA4E-3A300F25F75F}.Release|Any CPU.ActiveCfg = Release|Any CPU
		{FFBADDBA-0E73-42E9-BA4E-3A300F25F75F}.Release|Any CPU.Build.0 = Release|Any CPU
	EndGlobalSection
	GlobalSection(SolutionProperties) = preSolution
		HideSolutionNode = FALSE
	EndGlobalSection
	GlobalSection(ExtensibilityGlobals) = postSolution
		SolutionGuid = {F1F688BF-5156-44CD-ADBB-882F0964B17F}
	EndGlobalSection
EndGlobal
